// !$*UTF8*$!
{
	archiveVersion = 1;
	classes = {
	};
	objectVersion = 55;
	objects = {

/* Begin PBXBuildFile section */
		298F138D2753972600515CE1 /* AppDelegate.swift in Sources */ = {isa = PBXBuildFile; fileRef = 298F138C2753972600515CE1 /* AppDelegate.swift */; };
		298F138F2753972600515CE1 /* SceneDelegate.swift in Sources */ = {isa = PBXBuildFile; fileRef = 298F138E2753972600515CE1 /* SceneDelegate.swift */; };
		298F13962753972700515CE1 /* Assets.xcassets in Resources */ = {isa = PBXBuildFile; fileRef = 298F13952753972700515CE1 /* Assets.xcassets */; };
		298F13992753972700515CE1 /* LaunchScreen.storyboard in Resources */ = {isa = PBXBuildFile; fileRef = 298F13972753972700515CE1 /* LaunchScreen.storyboard */; };
		298F13AE27539F4800515CE1 /* LoginUseCaseComposer.swift in Sources */ = {isa = PBXBuildFile; fileRef = 298F13A127539F4800515CE1 /* LoginUseCaseComposer.swift */; };
		298F13AF27539F4800515CE1 /* LoginPresenter.swift in Sources */ = {isa = PBXBuildFile; fileRef = 298F13A327539F4800515CE1 /* LoginPresenter.swift */; };
		298F13B027539F4800515CE1 /* AuthenticationApi.swift in Sources */ = {isa = PBXBuildFile; fileRef = 298F13A527539F4800515CE1 /* AuthenticationApi.swift */; };
		298F13B127539F4800515CE1 /* LoginResponse.swift in Sources */ = {isa = PBXBuildFile; fileRef = 298F13A627539F4800515CE1 /* LoginResponse.swift */; };
		298F13B227539F4800515CE1 /* AppNavigation.swift in Sources */ = {isa = PBXBuildFile; fileRef = 298F13A827539F4800515CE1 /* AppNavigation.swift */; };
		298F13B327539F4800515CE1 /* LoginViewController.xib in Resources */ = {isa = PBXBuildFile; fileRef = 298F13AA27539F4800515CE1 /* LoginViewController.xib */; };
		298F13B427539F4800515CE1 /* LoginViewController.swift in Sources */ = {isa = PBXBuildFile; fileRef = 298F13AB27539F4800515CE1 /* LoginViewController.swift */; };
		298F13B527539F4800515CE1 /* CrashlyticsWrapper.swift in Sources */ = {isa = PBXBuildFile; fileRef = 298F13AD27539F4800515CE1 /* CrashlyticsWrapper.swift */; };
		298F13B727539F5C00515CE1 /* Factory.swift in Sources */ = {isa = PBXBuildFile; fileRef = 298F13B627539F5C00515CE1 /* Factory.swift */; };
		298F13BB27539F7A00515CE1 /* LoginUseCaseOutput.swift in Sources */ = {isa = PBXBuildFile; fileRef = 298F13B927539F7A00515CE1 /* LoginUseCaseOutput.swift */; };
		298F13BC27539F7A00515CE1 /* LoginUseCase.swift in Sources */ = {isa = PBXBuildFile; fileRef = 298F13BA27539F7A00515CE1 /* LoginUseCase.swift */; };
		298F13BF2753A02C00515CE1 /* EmailTableViewController.swift in Sources */ = {isa = PBXBuildFile; fileRef = 298F13BD2753A02C00515CE1 /* EmailTableViewController.swift */; };
		298F13C02753A02C00515CE1 /* EmailTableViewController.xib in Resources */ = {isa = PBXBuildFile; fileRef = 298F13BE2753A02C00515CE1 /* EmailTableViewController.xib */; };
		298F13C22753A43000515CE1 /* Email.swift in Sources */ = {isa = PBXBuildFile; fileRef = 298F13C12753A43000515CE1 /* Email.swift */; };
		298F13C52753AA9200515CE1 /* EmailViewModel.swift in Sources */ = {isa = PBXBuildFile; fileRef = 298F13C42753AA9200515CE1 /* EmailViewModel.swift */; };
		298F13C72754626900515CE1 /* EmailFeedApi.swift in Sources */ = {isa = PBXBuildFile; fileRef = 298F13C62754626900515CE1 /* EmailFeedApi.swift */; };
		298F13C92754657800515CE1 /* FeedComposer.swift in Sources */ = {isa = PBXBuildFile; fileRef = 298F13C82754657800515CE1 /* FeedComposer.swift */; };
		298F13CB275469B100515CE1 /* EmailTableViewPresenter.swift in Sources */ = {isa = PBXBuildFile; fileRef = 298F13CA275469B100515CE1 /* EmailTableViewPresenter.swift */; };
		298F13CE2754887800515CE1 /* DetailEmailTableViewController.swift in Sources */ = {isa = PBXBuildFile; fileRef = 298F13CC2754887800515CE1 /* DetailEmailTableViewController.swift */; };
		298F13CF2754887800515CE1 /* DetailEmailTableViewController.xib in Resources */ = {isa = PBXBuildFile; fileRef = 298F13CD2754887800515CE1 /* DetailEmailTableViewController.xib */; };
		298F13D22754B83600515CE1 /* EmailTableViewCell.swift in Sources */ = {isa = PBXBuildFile; fileRef = 298F13D02754B83600515CE1 /* EmailTableViewCell.swift */; };
		298F13D32754B83600515CE1 /* EmailTableViewCell.xib in Resources */ = {isa = PBXBuildFile; fileRef = 298F13D12754B83600515CE1 /* EmailTableViewCell.xib */; };
		298F13D92754BF7B00515CE1 /* EmailDetailTableController.swift in Sources */ = {isa = PBXBuildFile; fileRef = 298F13D72754BF7B00515CE1 /* EmailDetailTableController.swift */; };
		298F13DA2754BF7B00515CE1 /* EmailDetailTableController.xib in Resources */ = {isa = PBXBuildFile; fileRef = 298F13D82754BF7B00515CE1 /* EmailDetailTableController.xib */; };
/* End PBXBuildFile section */

/* Begin PBXFileReference section */
		298F13892753972600515CE1 /* test1.app */ = {isa = PBXFileReference; explicitFileType = wrapper.application; includeInIndex = 0; path = test1.app; sourceTree = BUILT_PRODUCTS_DIR; };
		298F138C2753972600515CE1 /* AppDelegate.swift */ = {isa = PBXFileReference; lastKnownFileType = sourcecode.swift; path = AppDelegate.swift; sourceTree = "<group>"; };
		298F138E2753972600515CE1 /* SceneDelegate.swift */ = {isa = PBXFileReference; lastKnownFileType = sourcecode.swift; path = SceneDelegate.swift; sourceTree = "<group>"; };
		298F13952753972700515CE1 /* Assets.xcassets */ = {isa = PBXFileReference; lastKnownFileType = folder.assetcatalog; path = Assets.xcassets; sourceTree = "<group>"; };
		298F13982753972700515CE1 /* Base */ = {isa = PBXFileReference; lastKnownFileType = file.storyboard; name = Base; path = Base.lproj/LaunchScreen.storyboard; sourceTree = "<group>"; };
		298F139A2753972700515CE1 /* Info.plist */ = {isa = PBXFileReference; lastKnownFileType = text.plist.xml; path = Info.plist; sourceTree = "<group>"; };
		298F13A127539F4800515CE1 /* LoginUseCaseComposer.swift */ = {isa = PBXFileReference; fileEncoding = 4; lastKnownFileType = sourcecode.swift; path = LoginUseCaseComposer.swift; sourceTree = "<group>"; };
		298F13A327539F4800515CE1 /* LoginPresenter.swift */ = {isa = PBXFileReference; fileEncoding = 4; lastKnownFileType = sourcecode.swift; path = LoginPresenter.swift; sourceTree = "<group>"; };
		298F13A527539F4800515CE1 /* AuthenticationApi.swift */ = {isa = PBXFileReference; fileEncoding = 4; lastKnownFileType = sourcecode.swift; path = AuthenticationApi.swift; sourceTree = "<group>"; };
		298F13A627539F4800515CE1 /* LoginResponse.swift */ = {isa = PBXFileReference; fileEncoding = 4; lastKnownFileType = sourcecode.swift; path = LoginResponse.swift; sourceTree = "<group>"; };
		298F13A827539F4800515CE1 /* AppNavigation.swift */ = {isa = PBXFileReference; fileEncoding = 4; lastKnownFileType = sourcecode.swift; path = AppNavigation.swift; sourceTree = "<group>"; };
		298F13AA27539F4800515CE1 /* LoginViewController.xib */ = {isa = PBXFileReference; fileEncoding = 4; lastKnownFileType = file.xib; path = LoginViewController.xib; sourceTree = "<group>"; };
		298F13AB27539F4800515CE1 /* LoginViewController.swift */ = {isa = PBXFileReference; fileEncoding = 4; lastKnownFileType = sourcecode.swift; path = LoginViewController.swift; sourceTree = "<group>"; };
		298F13AD27539F4800515CE1 /* CrashlyticsWrapper.swift */ = {isa = PBXFileReference; fileEncoding = 4; lastKnownFileType = sourcecode.swift; path = CrashlyticsWrapper.swift; sourceTree = "<group>"; };
		298F13B627539F5C00515CE1 /* Factory.swift */ = {isa = PBXFileReference; fileEncoding = 4; lastKnownFileType = sourcecode.swift; path = Factory.swift; sourceTree = "<group>"; };
		298F13B927539F7A00515CE1 /* LoginUseCaseOutput.swift */ = {isa = PBXFileReference; fileEncoding = 4; lastKnownFileType = sourcecode.swift; path = LoginUseCaseOutput.swift; sourceTree = "<group>"; };
		298F13BA27539F7A00515CE1 /* LoginUseCase.swift */ = {isa = PBXFileReference; fileEncoding = 4; lastKnownFileType = sourcecode.swift; path = LoginUseCase.swift; sourceTree = "<group>"; };
		298F13BD2753A02C00515CE1 /* EmailTableViewController.swift */ = {isa = PBXFileReference; lastKnownFileType = sourcecode.swift; path = EmailTableViewController.swift; sourceTree = "<group>"; };
		298F13BE2753A02C00515CE1 /* EmailTableViewController.xib */ = {isa = PBXFileReference; lastKnownFileType = file.xib; path = EmailTableViewController.xib; sourceTree = "<group>"; };
		298F13C12753A43000515CE1 /* Email.swift */ = {isa = PBXFileReference; lastKnownFileType = sourcecode.swift; path = Email.swift; sourceTree = "<group>"; };
		298F13C42753AA9200515CE1 /* EmailViewModel.swift */ = {isa = PBXFileReference; lastKnownFileType = sourcecode.swift; path = EmailViewModel.swift; sourceTree = "<group>"; };
		298F13C62754626900515CE1 /* EmailFeedApi.swift */ = {isa = PBXFileReference; lastKnownFileType = sourcecode.swift; path = EmailFeedApi.swift; sourceTree = "<group>"; };
		298F13C82754657800515CE1 /* FeedComposer.swift */ = {isa = PBXFileReference; lastKnownFileType = sourcecode.swift; path = FeedComposer.swift; sourceTree = "<group>"; };
		298F13CA275469B100515CE1 /* EmailTableViewPresenter.swift */ = {isa = PBXFileReference; lastKnownFileType = sourcecode.swift; path = EmailTableViewPresenter.swift; sourceTree = "<group>"; };
		298F13CC2754887800515CE1 /* DetailEmailTableViewController.swift */ = {isa = PBXFileReference; lastKnownFileType = sourcecode.swift; path = DetailEmailTableViewController.swift; sourceTree = "<group>"; };
		298F13CD2754887800515CE1 /* DetailEmailTableViewController.xib */ = {isa = PBXFileReference; lastKnownFileType = file.xib; path = DetailEmailTableViewController.xib; sourceTree = "<group>"; };
		298F13D02754B83600515CE1 /* EmailTableViewCell.swift */ = {isa = PBXFileReference; lastKnownFileType = sourcecode.swift; path = EmailTableViewCell.swift; sourceTree = "<group>"; };
		298F13D12754B83600515CE1 /* EmailTableViewCell.xib */ = {isa = PBXFileReference; lastKnownFileType = file.xib; path = EmailTableViewCell.xib; sourceTree = "<group>"; };
		298F13D72754BF7B00515CE1 /* EmailDetailTableController.swift */ = {isa = PBXFileReference; lastKnownFileType = sourcecode.swift; path = EmailDetailTableController.swift; sourceTree = "<group>"; };
		298F13D82754BF7B00515CE1 /* EmailDetailTableController.xib */ = {isa = PBXFileReference; lastKnownFileType = file.xib; path = EmailDetailTableController.xib; sourceTree = "<group>"; };
/* End PBXFileReference section */

/* Begin PBXFrameworksBuildPhase section */
		298F13862753972600515CE1 /* Frameworks */ = {
			isa = PBXFrameworksBuildPhase;
			buildActionMask = 2147483647;
			files = (
			);
			runOnlyForDeploymentPostprocessing = 0;
		};
/* End PBXFrameworksBuildPhase section */

/* Begin PBXGroup section */
		298F13802753972600515CE1 = {
			isa = PBXGroup;
			children = (
				298F138B2753972600515CE1 /* test1 */,
				298F138A2753972600515CE1 /* Products */,
			);
			sourceTree = "<group>";
		};
		298F138A2753972600515CE1 /* Products */ = {
			isa = PBXGroup;
			children = (
				298F13892753972600515CE1 /* test1.app */,
			);
			name = Products;
			sourceTree = "<group>";
		};
		298F138B2753972600515CE1 /* test1 */ = {
			isa = PBXGroup;
			children = (
				299D95DF2758111B003EF9CE /* Factory */,
				298F13C32753AA7400515CE1 /* Model */,
				298F13B827539F7A00515CE1 /* Use Case */,
				298F13AC27539F4800515CE1 /* Analytics */,
				298F13A027539F4800515CE1 /* Composers */,
				298F13A727539F4800515CE1 /* Navigation */,
				298F13A427539F4800515CE1 /* Networking */,
				298F13A227539F4800515CE1 /* Presenter */,
				298F13A927539F4800515CE1 /* UI */,
				298F138C2753972600515CE1 /* AppDelegate.swift */,
				298F138E2753972600515CE1 /* SceneDelegate.swift */,
				298F13952753972700515CE1 /* Assets.xcassets */,
				298F13972753972700515CE1 /* LaunchScreen.storyboard */,
				298F139A2753972700515CE1 /* Info.plist */,
			);
			path = test1;
			sourceTree = "<group>";
		};
		298F13A027539F4800515CE1 /* Composers */ = {
			isa = PBXGroup;
			children = (
				298F13A127539F4800515CE1 /* LoginUseCaseComposer.swift */,
				298F13C82754657800515CE1 /* FeedComposer.swift */,
			);
			path = Composers;
			sourceTree = "<group>";
		};
		298F13A227539F4800515CE1 /* Presenter */ = {
			isa = PBXGroup;
			children = (
				298F13A327539F4800515CE1 /* LoginPresenter.swift */,
				298F13CA275469B100515CE1 /* EmailTableViewPresenter.swift */,
			);
			path = Presenter;
			sourceTree = "<group>";
		};
		298F13A427539F4800515CE1 /* Networking */ = {
			isa = PBXGroup;
			children = (
				298F13A527539F4800515CE1 /* AuthenticationApi.swift */,
				298F13A627539F4800515CE1 /* LoginResponse.swift */,
				298F13C62754626900515CE1 /* EmailFeedApi.swift */,
			);
			path = Networking;
			sourceTree = "<group>";
		};
		298F13A727539F4800515CE1 /* Navigation */ = {
			isa = PBXGroup;
			children = (
				298F13A827539F4800515CE1 /* AppNavigation.swift */,
			);
			path = Navigation;
			sourceTree = "<group>";
		};
		298F13A927539F4800515CE1 /* UI */ = {
			isa = PBXGroup;
			children = (
				298F13D62754B9BD00515CE1 /* Cell */,
				298F13D52754B9A500515CE1 /* Controllers */,
				298F13D42754B99B00515CE1 /* ViewModel */,
			);
			path = UI;
			sourceTree = "<group>";
		};
		298F13AC27539F4800515CE1 /* Analytics */ = {
			isa = PBXGroup;
			children = (
				298F13AD27539F4800515CE1 /* CrashlyticsWrapper.swift */,
			);
			path = Analytics;
			sourceTree = "<group>";
		};
		298F13B827539F7A00515CE1 /* Use Case */ = {
			isa = PBXGroup;
			children = (
				298F13B927539F7A00515CE1 /* LoginUseCaseOutput.swift */,
				298F13BA27539F7A00515CE1 /* LoginUseCase.swift */,
			);
			path = "Use Case";
			sourceTree = "<group>";
		};
		298F13C32753AA7400515CE1 /* Model */ = {
			isa = PBXGroup;
			children = (
				298F13C12753A43000515CE1 /* Email.swift */,
			);
			path = Model;
			sourceTree = "<group>";
		};
		298F13D42754B99B00515CE1 /* ViewModel */ = {
			isa = PBXGroup;
			children = (
				298F13C42753AA9200515CE1 /* EmailViewModel.swift */,
			);
			path = ViewModel;
			sourceTree = "<group>";
		};
		298F13D52754B9A500515CE1 /* Controllers */ = {
			isa = PBXGroup;
			children = (
				298F13CC2754887800515CE1 /* DetailEmailTableViewController.swift */,
				298F13CD2754887800515CE1 /* DetailEmailTableViewController.xib */,
				298F13AA27539F4800515CE1 /* LoginViewController.xib */,
				298F13AB27539F4800515CE1 /* LoginViewController.swift */,
				298F13BD2753A02C00515CE1 /* EmailTableViewController.swift */,
				298F13BE2753A02C00515CE1 /* EmailTableViewController.xib */,
				298F13D72754BF7B00515CE1 /* EmailDetailTableController.swift */,
				298F13D82754BF7B00515CE1 /* EmailDetailTableController.xib */,
			);
			path = Controllers;
			sourceTree = "<group>";
		};
		298F13D62754B9BD00515CE1 /* Cell */ = {
			isa = PBXGroup;
			children = (
				298F13D02754B83600515CE1 /* EmailTableViewCell.swift */,
				298F13D12754B83600515CE1 /* EmailTableViewCell.xib */,
			);
			path = Cell;
			sourceTree = "<group>";
		};
		299D95DF2758111B003EF9CE /* Factory */ = {
			isa = PBXGroup;
			children = (
				298F13B627539F5C00515CE1 /* Factory.swift */,
			);
			path = Factory;
			sourceTree = "<group>";
		};
/* End PBXGroup section */

/* Begin PBXNativeTarget section */
		298F13882753972600515CE1 /* test1 */ = {
			isa = PBXNativeTarget;
			buildConfigurationList = 298F139D2753972700515CE1 /* Build configuration list for PBXNativeTarget "test1" */;
			buildPhases = (
				298F13852753972600515CE1 /* Sources */,
				298F13862753972600515CE1 /* Frameworks */,
				298F13872753972600515CE1 /* Resources */,
			);
			buildRules = (
			);
			dependencies = (
			);
			name = test1;
			productName = test1;
			productReference = 298F13892753972600515CE1 /* test1.app */;
			productType = "com.apple.product-type.application";
		};
/* End PBXNativeTarget section */

/* Begin PBXProject section */
		298F13812753972600515CE1 /* Project object */ = {
			isa = PBXProject;
			attributes = {
				BuildIndependentTargetsInParallel = 1;
				LastSwiftUpdateCheck = 1310;
				LastUpgradeCheck = 1310;
				TargetAttributes = {
					298F13882753972600515CE1 = {
						CreatedOnToolsVersion = 13.1;
					};
				};
			};
			buildConfigurationList = 298F13842753972600515CE1 /* Build configuration list for PBXProject "test1" */;
			compatibilityVersion = "Xcode 13.0";
			developmentRegion = en;
			hasScannedForEncodings = 0;
			knownRegions = (
				en,
				Base,
			);
			mainGroup = 298F13802753972600515CE1;
			productRefGroup = 298F138A2753972600515CE1 /* Products */;
			projectDirPath = "";
			projectRoot = "";
			targets = (
				298F13882753972600515CE1 /* test1 */,
			);
		};
/* End PBXProject section */

/* Begin PBXResourcesBuildPhase section */
		298F13872753972600515CE1 /* Resources */ = {
			isa = PBXResourcesBuildPhase;
			buildActionMask = 2147483647;
			files = (
				298F13C02753A02C00515CE1 /* EmailTableViewController.xib in Resources */,
				298F13CF2754887800515CE1 /* DetailEmailTableViewController.xib in Resources */,
				298F13992753972700515CE1 /* LaunchScreen.storyboard in Resources */,
				298F13962753972700515CE1 /* Assets.xcassets in Resources */,
				298F13D32754B83600515CE1 /* EmailTableViewCell.xib in Resources */,
				298F13DA2754BF7B00515CE1 /* EmailDetailTableController.xib in Resources */,
				298F13B327539F4800515CE1 /* LoginViewController.xib in Resources */,
			);
			runOnlyForDeploymentPostprocessing = 0;
		};
/* End PBXResourcesBuildPhase section */

/* Begin PBXSourcesBuildPhase section */
		298F13852753972600515CE1 /* Sources */ = {
			isa = PBXSourcesBuildPhase;
			buildActionMask = 2147483647;
			files = (
				298F13B427539F4800515CE1 /* LoginViewController.swift in Sources */,
				298F13C92754657800515CE1 /* FeedComposer.swift in Sources */,
				298F13CB275469B100515CE1 /* EmailTableViewPresenter.swift in Sources */,
				298F13B027539F4800515CE1 /* AuthenticationApi.swift in Sources */,
				298F13C52753AA9200515CE1 /* EmailViewModel.swift in Sources */,
				298F13D92754BF7B00515CE1 /* EmailDetailTableController.swift in Sources */,
				298F13C72754626900515CE1 /* EmailFeedApi.swift in Sources */,
				298F13B727539F5C00515CE1 /* Factory.swift in Sources */,
				298F13B527539F4800515CE1 /* CrashlyticsWrapper.swift in Sources */,
				298F138D2753972600515CE1 /* AppDelegate.swift in Sources */,
				298F13BB27539F7A00515CE1 /* LoginUseCaseOutput.swift in Sources */,
				298F138F2753972600515CE1 /* SceneDelegate.swift in Sources */,
				298F13AE27539F4800515CE1 /* LoginUseCaseComposer.swift in Sources */,
				298F13AF27539F4800515CE1 /* LoginPresenter.swift in Sources */,
				298F13B127539F4800515CE1 /* LoginResponse.swift in Sources */,
				298F13D22754B83600515CE1 /* EmailTableViewCell.swift in Sources */,
				298F13C22753A43000515CE1 /* Email.swift in Sources */,
				298F13BC27539F7A00515CE1 /* LoginUseCase.swift in Sources */,
				298F13CE2754887800515CE1 /* DetailEmailTableViewController.swift in Sources */,
				298F13BF2753A02C00515CE1 /* EmailTableViewController.swift in Sources */,
				298F13B227539F4800515CE1 /* AppNavigation.swift in Sources */,
			);
			runOnlyForDeploymentPostprocessing = 0;
		};
/* End PBXSourcesBuildPhase section */

/* Begin PBXVariantGroup section */
		298F13972753972700515CE1 /* LaunchScreen.storyboard */ = {
			isa = PBXVariantGroup;
			children = (
				298F13982753972700515CE1 /* Base */,
			);
			name = LaunchScreen.storyboard;
			sourceTree = "<group>";
		};
/* End PBXVariantGroup section */

/* Begin XCBuildConfiguration section */
		298F139B2753972700515CE1 /* Debug */ = {
			isa = XCBuildConfiguration;
			buildSettings = {
				ALWAYS_SEARCH_USER_PATHS = NO;
				CLANG_ANALYZER_NONNULL = YES;
				CLANG_ANALYZER_NUMBER_OBJECT_CONVERSION = YES_AGGRESSIVE;
				CLANG_CXX_LANGUAGE_STANDARD = "gnu++17";
				CLANG_CXX_LIBRARY = "libc++";
				CLANG_ENABLE_MODULES = YES;
				CLANG_ENABLE_OBJC_ARC = YES;
				CLANG_ENABLE_OBJC_WEAK = YES;
				CLANG_WARN_BLOCK_CAPTURE_AUTORELEASING = YES;
				CLANG_WARN_BOOL_CONVERSION = YES;
				CLANG_WARN_COMMA = YES;
				CLANG_WARN_CONSTANT_CONVERSION = YES;
				CLANG_WARN_DEPRECATED_OBJC_IMPLEMENTATIONS = YES;
				CLANG_WARN_DIRECT_OBJC_ISA_USAGE = YES_ERROR;
				CLANG_WARN_DOCUMENTATION_COMMENTS = YES;
				CLANG_WARN_EMPTY_BODY = YES;
				CLANG_WARN_ENUM_CONVERSION = YES;
				CLANG_WARN_INFINITE_RECURSION = YES;
				CLANG_WARN_INT_CONVERSION = YES;
				CLANG_WARN_NON_LITERAL_NULL_CONVERSION = YES;
				CLANG_WARN_OBJC_IMPLICIT_RETAIN_SELF = YES;
				CLANG_WARN_OBJC_LITERAL_CONVERSION = YES;
				CLANG_WARN_OBJC_ROOT_CLASS = YES_ERROR;
				CLANG_WARN_QUOTED_INCLUDE_IN_FRAMEWORK_HEADER = YES;
				CLANG_WARN_RANGE_LOOP_ANALYSIS = YES;
				CLANG_WARN_STRICT_PROTOTYPES = YES;
				CLANG_WARN_SUSPICIOUS_MOVE = YES;
				CLANG_WARN_UNGUARDED_AVAILABILITY = YES_AGGRESSIVE;
				CLANG_WARN_UNREACHABLE_CODE = YES;
				CLANG_WARN__DUPLICATE_METHOD_MATCH = YES;
				COPY_PHASE_STRIP = NO;
				DEBUG_INFORMATION_FORMAT = dwarf;
				ENABLE_STRICT_OBJC_MSGSEND = YES;
				ENABLE_TESTABILITY = YES;
				GCC_C_LANGUAGE_STANDARD = gnu11;
				GCC_DYNAMIC_NO_PIC = NO;
				GCC_NO_COMMON_BLOCKS = YES;
				GCC_OPTIMIZATION_LEVEL = 0;
				GCC_PREPROCESSOR_DEFINITIONS = (
					"DEBUG=1",
					"$(inherited)",
				);
				GCC_WARN_64_TO_32_BIT_CONVERSION = YES;
				GCC_WARN_ABOUT_RETURN_TYPE = YES_ERROR;
				GCC_WARN_UNDECLARED_SELECTOR = YES;
				GCC_WARN_UNINITIALIZED_AUTOS = YES_AGGRESSIVE;
				GCC_WARN_UNUSED_FUNCTION = YES;
				GCC_WARN_UNUSED_VARIABLE = YES;
				IPHONEOS_DEPLOYMENT_TARGET = 15.0;
				MTL_ENABLE_DEBUG_INFO = INCLUDE_SOURCE;
				MTL_FAST_MATH = YES;
				ONLY_ACTIVE_ARCH = YES;
				SDKROOT = iphoneos;
				SWIFT_ACTIVE_COMPILATION_CONDITIONS = DEBUG;
				SWIFT_OPTIMIZATION_LEVEL = "-Onone";
			};
			name = Debug;
		};
		298F139C2753972700515CE1 /* Release */ = {
			isa = XCBuildConfiguration;
			buildSettings = {
				ALWAYS_SEARCH_USER_PATHS = NO;
				CLANG_ANALYZER_NONNULL = YES;
				CLANG_ANALYZER_NUMBER_OBJECT_CONVERSION = YES_AGGRESSIVE;
				CLANG_CXX_LANGUAGE_STANDARD = "gnu++17";
				CLANG_CXX_LIBRARY = "libc++";
				CLANG_ENABLE_MODULES = YES;
				CLANG_ENABLE_OBJC_ARC = YES;
				CLANG_ENABLE_OBJC_WEAK = YES;
				CLANG_WARN_BLOCK_CAPTURE_AUTORELEASING = YES;
				CLANG_WARN_BOOL_CONVERSION = YES;
				CLANG_WARN_COMMA = YES;
				CLANG_WARN_CONSTANT_CONVERSION = YES;
				CLANG_WARN_DEPRECATED_OBJC_IMPLEMENTATIONS = YES;
				CLANG_WARN_DIRECT_OBJC_ISA_USAGE = YES_ERROR;
				CLANG_WARN_DOCUMENTATION_COMMENTS = YES;
				CLANG_WARN_EMPTY_BODY = YES;
				CLANG_WARN_ENUM_CONVERSION = YES;
				CLANG_WARN_INFINITE_RECURSION = YES;
				CLANG_WARN_INT_CONVERSION = YES;
				CLANG_WARN_NON_LITERAL_NULL_CONVERSION = YES;
				CLANG_WARN_OBJC_IMPLICIT_RETAIN_SELF = YES;
				CLANG_WARN_OBJC_LITERAL_CONVERSION = YES;
				CLANG_WARN_OBJC_ROOT_CLASS = YES_ERROR;
				CLANG_WARN_QUOTED_INCLUDE_IN_FRAMEWORK_HEADER = YES;
				CLANG_WARN_RANGE_LOOP_ANALYSIS = YES;
				CLANG_WARN_STRICT_PROTOTYPES = YES;
				CLANG_WARN_SUSPICIOUS_MOVE = YES;
				CLANG_WARN_UNGUARDED_AVAILABILITY = YES_AGGRESSIVE;
				CLANG_WARN_UNREACHABLE_CODE = YES;
				CLANG_WARN__DUPLICATE_METHOD_MATCH = YES;
				COPY_PHASE_STRIP = NO;
				DEBUG_INFORMATION_FORMAT = "dwarf-with-dsym";
				ENABLE_NS_ASSERTIONS = NO;
				ENABLE_STRICT_OBJC_MSGSEND = YES;
				GCC_C_LANGUAGE_STANDARD = gnu11;
				GCC_NO_COMMON_BLOCKS = YES;
				GCC_WARN_64_TO_32_BIT_CONVERSION = YES;
				GCC_WARN_ABOUT_RETURN_TYPE = YES_ERROR;
				GCC_WARN_UNDECLARED_SELECTOR = YES;
				GCC_WARN_UNINITIALIZED_AUTOS = YES_AGGRESSIVE;
				GCC_WARN_UNUSED_FUNCTION = YES;
				GCC_WARN_UNUSED_VARIABLE = YES;
				IPHONEOS_DEPLOYMENT_TARGET = 15.0;
				MTL_ENABLE_DEBUG_INFO = NO;
				MTL_FAST_MATH = YES;
				SDKROOT = iphoneos;
				SWIFT_COMPILATION_MODE = wholemodule;
				SWIFT_OPTIMIZATION_LEVEL = "-O";
				VALIDATE_PRODUCT = YES;
			};
			name = Release;
		};
		298F139E2753972700515CE1 /* Debug */ = {
			isa = XCBuildConfiguration;
			buildSettings = {
				ASSETCATALOG_COMPILER_APPICON_NAME = AppIcon;
				ASSETCATALOG_COMPILER_GLOBAL_ACCENT_COLOR_NAME = AccentColor;
				CODE_SIGN_STYLE = Automatic;
				CURRENT_PROJECT_VERSION = 1;
				DEVELOPMENT_TEAM = VASSKNJ7GB;
				GENERATE_INFOPLIST_FILE = YES;
				INFOPLIST_FILE = test1/Info.plist;
				INFOPLIST_KEY_UIApplicationSupportsIndirectInputEvents = YES;
				INFOPLIST_KEY_UILaunchStoryboardName = LaunchScreen;
				INFOPLIST_KEY_UISupportedInterfaceOrientations_iPad = "UIInterfaceOrientationPortrait UIInterfaceOrientationPortraitUpsideDown UIInterfaceOrientationLandscapeLeft UIInterfaceOrientationLandscapeRight";
				INFOPLIST_KEY_UISupportedInterfaceOrientations_iPhone = "UIInterfaceOrientationPortrait UIInterfaceOrientationLandscapeLeft UIInterfaceOrientationLandscapeRight";
				LD_RUNPATH_SEARCH_PATHS = (
					"$(inherited)",
					"@executable_path/Frameworks",
				);
				MARKETING_VERSION = 1.0;
				PRODUCT_BUNDLE_IDENTIFIER = com.bigbrains.test1;
				PRODUCT_NAME = "$(TARGET_NAME)";
				SWIFT_EMIT_LOC_STRINGS = YES;
				SWIFT_VERSION = 5.0;
				TARGETED_DEVICE_FAMILY = "1,2";
			};
			name = Debug;
		};
		298F139F2753972700515CE1 /* Release */ = {
			isa = XCBuildConfiguration;
			buildSettings = {
				ASSETCATALOG_COMPILER_APPICON_NAME = AppIcon;
				ASSETCATALOG_COMPILER_GLOBAL_ACCENT_COLOR_NAME = AccentColor;
				CODE_SIGN_STYLE = Automatic;
				CURRENT_PROJECT_VERSION = 1;
				DEVELOPMENT_TEAM = VASSKNJ7GB;
				GENERATE_INFOPLIST_FILE = YES;
				INFOPLIST_FILE = test1/Info.plist;
				INFOPLIST_KEY_UIApplicationSupportsIndirectInputEvents = YES;
				INFOPLIST_KEY_UILaunchStoryboardName = LaunchScreen;
				INFOPLIST_KEY_UISupportedInterfaceOrientations_iPad = "UIInterfaceOrientationPortrait UIInterfaceOrientationPortraitUpsideDown UIInterfaceOrientationLandscapeLeft UIInterfaceOrientationLandscapeRight";
				INFOPLIST_KEY_UISupportedInterfaceOrientations_iPhone = "UIInterfaceOrientationPortrait UIInterfaceOrientationLandscapeLeft UIInterfaceOrientationLandscapeRight";
				LD_RUNPATH_SEARCH_PATHS = (
					"$(inherited)",
					"@executable_path/Frameworks",
				);
				MARKETING_VERSION = 1.0;
				PRODUCT_BUNDLE_IDENTIFIER = com.bigbrains.test1;
				PRODUCT_NAME = "$(TARGET_NAME)";
				SWIFT_EMIT_LOC_STRINGS = YES;
				SWIFT_VERSION = 5.0;
				TARGETED_DEVICE_FAMILY = "1,2";
			};
			name = Release;
		};
/* End XCBuildConfiguration section */

/* Begin XCConfigurationList section */
		298F13842753972600515CE1 /* Build configuration list for PBXProject "test1" */ = {
			isa = XCConfigurationList;
			buildConfigurations = (
				298F139B2753972700515CE1 /* Debug */,
				298F139C2753972700515CE1 /* Release */,
			);
			defaultConfigurationIsVisible = 0;
			defaultConfigurationName = Release;
		};
		298F139D2753972700515CE1 /* Build configuration list for PBXNativeTarget "test1" */ = {
			isa = XCConfigurationList;
			buildConfigurations = (
				298F139E2753972700515CE1 /* Debug */,
				298F139F2753972700515CE1 /* Release */,
			);
			defaultConfigurationIsVisible = 0;
			defaultConfigurationName = Release;
		};
/* End XCConfigurationList section */
	};
	rootObject = 298F13812753972600515CE1 /* Project object */;
}
